{
  "name": "socket",
  "version": "1.0.0",
  "lockfileVersion": 3,
  "requires": true,
  "packages": {
    "": {
      "name": "socket",
      "version": "1.0.0",
      "license": "ISC",
      "dependencies": {
        "@types/express": "github:types/express",
        "typescript": "^5.9.2"
      }
    },
    "node_modules/@types/express": {
      "version": "4.14.0",
      "resolved": "git+ssh://git@github.com/types/express.git#7670cf1cbce96b3159e3ff04a253926b34111220",
      "license": "ISC",
      "dependencies": {
        "@types/serve-static": "github:types/npm-serve-static#c1f96843c8b96a37f6c534cb1dadb48f5329e4e0",
        "path-to-regexp": "github:pillarjs/path-to-regexp#ec285ed3500aed455df59e3b8b07f473412918a4"
      },
      "peerDependencies": {
        "@types/node": "*"
      }
    },
    "node_modules/@types/node": {
      "version": "24.5.2",
      "resolved": "https://registry.npmjs.org/@types/node/-/node-24.5.2.tgz",
      "integrity": "sha512-FYxk1I7wPv3K2XBaoyH2cTnocQEu8AOZ60hPbsyukMPLv5/5qr7V1i8PLHdl6Zf87I+xZXFvPCXYjiTFq+YSDQ==",
      "license": "MIT",
      "peer": true,
      "dependencies": {
        "undici-types": "~7.12.0"
      }
    },
    "node_modules/@types/serve-static": {
      "version": "1.11.1",
      "resolved": "git+ssh://git@github.com/types/npm-serve-static.git#c1f96843c8b96a37f6c534cb1dadb48f5329e4e0",
      "integrity": "sha512-jvjowXgPD/9JiONlOJB2IrkxUqX8hgOGkcMbWbdSrJA+kvNO9ak8rW4DcVdVaYMp0Yj5iJsPmlFfOBfgr51yBw==",
      "license": "ISC",
      "peerDependencies": {
        "@types/node": "*"
      }
    },
    "node_modules/isarray": {
      "version": "0.0.1",
      "resolved": "https://registry.npmjs.org/isarray/-/isarray-0.0.1.tgz",
      "integrity": "sha512-D2S+3GLxWH+uhrNEcoh/fnmYeP8E8/zHl644d/jdA0g2uyXvy3sb0qxotE+ne0LtccHknQzWwZEzhak7oJ0COQ==",
      "license": "MIT"
    },
    "node_modules/path-to-regexp": {
      "version": "1.5.3",
      "resolved": "git+ssh://git@github.com/pillarjs/path-to-regexp.git#ec285ed3500aed455df59e3b8b07f473412918a4",
      "integrity": "sha512-pmFLFZT9b6T+dh1FqVc/FBTJQo/4bNO6H9OrsbVMGgJCdZQLXvSjivJN/yQ4NudyLyhj877qZ9Ci47VyI789XA==",
      "license": "MIT",
      "dependencies": {
        "isarray": "0.0.1"
      }
    },
    "node_modules/typescript": {
      "version": "5.9.2",
      "resolved": "https://registry.npmjs.org/typescript/-/typescript-5.9.2.tgz",
      "integrity": "sha512-CWBzXQrc/qOkhidw1OzBTQuYRbfyxDXJMVJ1XNwUHGROVmuaeiEm3OslpZ1RV96d7SKKjZKrSJu3+t/xlw3R9A==",
      "license": "Apache-2.0",
      "bin": {
        "tsc": "bin/tsc",
        "tsserver": "bin/tsserver"
      },
      "engines": {
        "node": ">=14.17"
      }
    },
    "node_modules/undici-types": {
      "version": "7.12.0",
      "resolved": "https://registry.npmjs.org/undici-types/-/undici-types-7.12.0.tgz",
      "integrity": "sha512-goOacqME2GYyOZZfb5Lgtu+1IDmAlAEu5xnD3+xTzS10hT0vzpf0SPjkXwAw9Jm+4n/mQGDP3LO8CPbYROeBfQ==",
      "license": "MIT",
      "peer": true
    }
  }
}
